
Microsoft Visual Studio Solution File, Format Version 12.00
# Visual Studio Version 17
VisualStudioVersion = 17.7.34202.233
MinimumVisualStudioVersion = 10.0.40219.1
Project("{8BC9CEB8-8B4A-11D0-8D11-00A0C91BC942}") = "chap_14_2_arr", "chap_14_2_arr.vcxproj", "{D5749113-3291-41CE-BEF6-50274434ED8C}"
EndProject
Global
	GlobalSection(SolutionConfigurationPlatforms) = preSolution
		Debug|x64 = Debug|x64
		Debug|x86 = Debug|x86
		Release|x64 = Release|x64
		Release|x86 = Release|x86
	EndGlobalSection
	GlobalSection(ProjectConfigurationPlatforms) = postSolution
		{D5749113-3291-41CE-BEF6-50274434ED8C}.Debug|x64.ActiveCfg = Debug|x64
		{D5749113-3291-41CE-BEF6-50274434ED8C}.Debug|x64.Build.0 = Debug|x64
		{D5749113-3291-41CE-BEF6-50274434ED8C}.Debug|x86.ActiveCfg = Debug|Win32
		{D5749113-3291-41CE-BEF6-50274434ED8C}.Debug|x86.Build.0 = Debug|Win32
		{D5749113-3291-41CE-BEF6-50274434ED8C}.Release|x64.ActiveCfg = Release|x64
		{D5749113-3291-41CE-BEF6-50274434ED8C}.Release|x64.Build.0 = Release|x64
		{D5749113-3291-41CE-BEF6-50274434ED8C}.Release|x86.ActiveCfg = Release|Win32
		{D5749113-3291-41CE-BEF6-50274434ED8C}.Release|x86.Build.0 = Release|Win32
	EndGlobalSection
	GlobalSection(SolutionProperties) = preSolution
		HideSolutionNode = FALSE
	EndGlobalSection
	GlobalSection(ExtensibilityGlobals) = postSolution
		SolutionGuid = {62B702C0-C97F-4975-B11F-A382C6850DCE}
	EndGlobalSection
EndGlobal
