
Microsoft Visual Studio Solution File, Format Version 12.00
# Visual Studio Version 17
VisualStudioVersion = 17.7.34202.233
MinimumVisualStudioVersion = 10.0.40219.1
Project("{8BC9CEB8-8B4A-11D0-8D11-00A0C91BC942}") = "chap_16_1_malloc", "chap_16_1_malloc.vcxproj", "{0F17DC10-D708-4F26-8E75-34C97D3FBA2E}"
EndProject
Global
	GlobalSection(SolutionConfigurationPlatforms) = preSolution
		Debug|x64 = Debug|x64
		Debug|x86 = Debug|x86
		Release|x64 = Release|x64
		Release|x86 = Release|x86
	EndGlobalSection
	GlobalSection(ProjectConfigurationPlatforms) = postSolution
		{0F17DC10-D708-4F26-8E75-34C97D3FBA2E}.Debug|x64.ActiveCfg = Debug|x64
		{0F17DC10-D708-4F26-8E75-34C97D3FBA2E}.Debug|x64.Build.0 = Debug|x64
		{0F17DC10-D708-4F26-8E75-34C97D3FBA2E}.Debug|x86.ActiveCfg = Debug|Win32
		{0F17DC10-D708-4F26-8E75-34C97D3FBA2E}.Debug|x86.Build.0 = Debug|Win32
		{0F17DC10-D708-4F26-8E75-34C97D3FBA2E}.Release|x64.ActiveCfg = Release|x64
		{0F17DC10-D708-4F26-8E75-34C97D3FBA2E}.Release|x64.Build.0 = Release|x64
		{0F17DC10-D708-4F26-8E75-34C97D3FBA2E}.Release|x86.ActiveCfg = Release|Win32
		{0F17DC10-D708-4F26-8E75-34C97D3FBA2E}.Release|x86.Build.0 = Release|Win32
	EndGlobalSection
	GlobalSection(SolutionProperties) = preSolution
		HideSolutionNode = FALSE
	EndGlobalSection
	GlobalSection(ExtensibilityGlobals) = postSolution
		SolutionGuid = {EE84D5B7-948A-49E3-8626-6C334C5B56A1}
	EndGlobalSection
EndGlobal
