
Microsoft Visual Studio Solution File, Format Version 12.00
# Visual Studio Version 17
VisualStudioVersion = 17.7.34202.233
MinimumVisualStudioVersion = 10.0.40219.1
Project("{8BC9CEB8-8B4A-11D0-8D11-00A0C91BC942}") = "chap_15_1_pt_arr", "chap_15_1_pt_arr.vcxproj", "{3DD87B36-FBAA-46B7-B656-AD42CD648A87}"
EndProject
Global
	GlobalSection(SolutionConfigurationPlatforms) = preSolution
		Debug|x64 = Debug|x64
		Debug|x86 = Debug|x86
		Release|x64 = Release|x64
		Release|x86 = Release|x86
	EndGlobalSection
	GlobalSection(ProjectConfigurationPlatforms) = postSolution
		{3DD87B36-FBAA-46B7-B656-AD42CD648A87}.Debug|x64.ActiveCfg = Debug|x64
		{3DD87B36-FBAA-46B7-B656-AD42CD648A87}.Debug|x64.Build.0 = Debug|x64
		{3DD87B36-FBAA-46B7-B656-AD42CD648A87}.Debug|x86.ActiveCfg = Debug|Win32
		{3DD87B36-FBAA-46B7-B656-AD42CD648A87}.Debug|x86.Build.0 = Debug|Win32
		{3DD87B36-FBAA-46B7-B656-AD42CD648A87}.Release|x64.ActiveCfg = Release|x64
		{3DD87B36-FBAA-46B7-B656-AD42CD648A87}.Release|x64.Build.0 = Release|x64
		{3DD87B36-FBAA-46B7-B656-AD42CD648A87}.Release|x86.ActiveCfg = Release|Win32
		{3DD87B36-FBAA-46B7-B656-AD42CD648A87}.Release|x86.Build.0 = Release|Win32
	EndGlobalSection
	GlobalSection(SolutionProperties) = preSolution
		HideSolutionNode = FALSE
	EndGlobalSection
	GlobalSection(ExtensibilityGlobals) = postSolution
		SolutionGuid = {1176F52C-9D36-42F9-8889-E6510F72272B}
	EndGlobalSection
EndGlobal
